// !$*UTF8*$!
{
	archiveVersion = 1;
	classes = {
	};
	objectVersion = 46;
	objects = {

/* Begin PBXBuildFile section */
		201330921D657D4400943C0D /* FCShowDataVC.m in Sources */ = {isa = PBXBuildFile; fileRef = 201330901D657D4400943C0D /* FCShowDataVC.m */; };
		201330931D657D4400943C0D /* FCShowDataVC.xib in Resources */ = {isa = PBXBuildFile; fileRef = 201330911D657D4400943C0D /* FCShowDataVC.xib */; };
		201330971D658DC300943C0D /* FCShowDataCell.m in Sources */ = {isa = PBXBuildFile; fileRef = 201330951D658DC300943C0D /* FCShowDataCell.m */; };
		201330981D658DC300943C0D /* FCShowDataCell.xib in Resources */ = {isa = PBXBuildFile; fileRef = 201330961D658DC300943C0D /* FCShowDataCell.xib */; };
		201330A41D6729C000943C0D /* RecommendInfoVC.m in Sources */ = {isa = PBXBuildFile; fileRef = 201330A21D6729C000943C0D /* RecommendInfoVC.m */; };
		201330A51D6729C000943C0D /* RecommendInfoVC.xib in Resources */ = {isa = PBXBuildFile; fileRef = 201330A31D6729C000943C0D /* RecommendInfoVC.xib */; };
		2036D6EA1C89391A00C72E0A /* NSDictionary+NSDictionaryCategory.m in Sources */ = {isa = PBXBuildFile; fileRef = 2036D6E91C89391A00C72E0A /* NSDictionary+NSDictionaryCategory.m */; };
		2036D6EB1C89391A00C72E0A /* NSDictionary+NSDictionaryCategory.m in Sources */ = {isa = PBXBuildFile; fileRef = 2036D6E91C89391A00C72E0A /* NSDictionary+NSDictionaryCategory.m */; };
		2036D6EC1C89391A00C72E0A /* NSDictionary+NSDictionaryCategory.m in Sources */ = {isa = PBXBuildFile; fileRef = 2036D6E91C89391A00C72E0A /* NSDictionary+NSDictionaryCategory.m */; };
		2039D2AC1D34D7C200E0EA55 /* HttpDownloadManager.m in Sources */ = {isa = PBXBuildFile; fileRef = 2039D2AB1D34D7C200E0EA55 /* HttpDownloadManager.m */; };
		2039D2B21D34DB2C00E0EA55 /* DataCache.m in Sources */ = {isa = PBXBuildFile; fileRef = 2039D2B11D34DB2C00E0EA55 /* DataCache.m */; };
		2039D2B61D34E3EB00E0EA55 /* DataDownloader.m in Sources */ = {isa = PBXBuildFile; fileRef = 2039D2B51D34E3EB00E0EA55 /* DataDownloader.m */; };
		2039D2B91D34E91D00E0EA55 /* DataDownloaderOperation.m in Sources */ = {isa = PBXBuildFile; fileRef = 2039D2B81D34E91D00E0EA55 /* DataDownloaderOperation.m */; };
		2047BFF91C91125F006E418E /* RegisterViewController.m in Sources */ = {isa = PBXBuildFile; fileRef = 2047BFF71C91125F006E418E /* RegisterViewController.m */; };
		2047BFFA1C91125F006E418E /* RegisterViewController.xib in Resources */ = {isa = PBXBuildFile; fileRef = 2047BFF81C91125F006E418E /* RegisterViewController.xib */; };
		2057FA461C8923C900CC65FD /* main.m in Sources */ = {isa = PBXBuildFile; fileRef = 2057FA451C8923C900CC65FD /* main.m */; };
		2057FA491C8923C900CC65FD /* AppDelegate.m in Sources */ = {isa = PBXBuildFile; fileRef = 2057FA481C8923C900CC65FD /* AppDelegate.m */; };
		2057FA511C8923C900CC65FD /* Assets.xcassets in Resources */ = {isa = PBXBuildFile; fileRef = 2057FA501C8923C900CC65FD /* Assets.xcassets */; };
		2057FA541C8923C900CC65FD /* LaunchScreen.storyboard in Resources */ = {isa = PBXBuildFile; fileRef = 2057FA521C8923C900CC65FD /* LaunchScreen.storyboard */; };
		2057FA5F1C8923C900CC65FD /* SmartHome_iOSTests.m in Sources */ = {isa = PBXBuildFile; fileRef = 2057FA5E1C8923C900CC65FD /* SmartHome_iOSTests.m */; };
		2057FA6A1C8923C900CC65FD /* SmartHome_iOSUITests.m in Sources */ = {isa = PBXBuildFile; fileRef = 2057FA691C8923C900CC65FD /* SmartHome_iOSUITests.m */; };
		2057FA851C89267C00CC65FD /* Global_Variable.m in Sources */ = {isa = PBXBuildFile; fileRef = 2057FA841C89267C00CC65FD /* Global_Variable.m */; };
		2057FA861C89267C00CC65FD /* Global_Variable.m in Sources */ = {isa = PBXBuildFile; fileRef = 2057FA841C89267C00CC65FD /* Global_Variable.m */; };
		2057FA871C89267C00CC65FD /* Global_Variable.m in Sources */ = {isa = PBXBuildFile; fileRef = 2057FA841C89267C00CC65FD /* Global_Variable.m */; };
		2057FA8B1C89270E00CC65FD /* NSString+NSStringCategory.m in Sources */ = {isa = PBXBuildFile; fileRef = 2057FA8A1C89270E00CC65FD /* NSString+NSStringCategory.m */; };
		2057FA8C1C89270E00CC65FD /* NSString+NSStringCategory.m in Sources */ = {isa = PBXBuildFile; fileRef = 2057FA8A1C89270E00CC65FD /* NSString+NSStringCategory.m */; };
		2057FA8D1C89270E00CC65FD /* NSString+NSStringCategory.m in Sources */ = {isa = PBXBuildFile; fileRef = 2057FA8A1C89270E00CC65FD /* NSString+NSStringCategory.m */; };
		2057FA901C8928F900CC65FD /* SmartHomeViewController.m in Sources */ = {isa = PBXBuildFile; fileRef = 2057FA8F1C8928F900CC65FD /* SmartHomeViewController.m */; };
		2057FA911C8928F900CC65FD /* SmartHomeViewController.m in Sources */ = {isa = PBXBuildFile; fileRef = 2057FA8F1C8928F900CC65FD /* SmartHomeViewController.m */; };
		2057FA921C8928F900CC65FD /* SmartHomeViewController.m in Sources */ = {isa = PBXBuildFile; fileRef = 2057FA8F1C8928F900CC65FD /* SmartHomeViewController.m */; };
		2057FA961C892A2B00CC65FD /* LoginViewController.m in Sources */ = {isa = PBXBuildFile; fileRef = 2057FA951C892A2B00CC65FD /* LoginViewController.m */; };
		2057FA971C892A2B00CC65FD /* LoginViewController.m in Sources */ = {isa = PBXBuildFile; fileRef = 2057FA951C892A2B00CC65FD /* LoginViewController.m */; };
		2057FA981C892A2B00CC65FD /* LoginViewController.m in Sources */ = {isa = PBXBuildFile; fileRef = 2057FA951C892A2B00CC65FD /* LoginViewController.m */; };
		2057FA9E1C892B1300CC65FD /* LoginViewController.xib in Resources */ = {isa = PBXBuildFile; fileRef = 2057FA9D1C892B1300CC65FD /* LoginViewController.xib */; };
		2057FA9F1C892B1300CC65FD /* LoginViewController.xib in Resources */ = {isa = PBXBuildFile; fileRef = 2057FA9D1C892B1300CC65FD /* LoginViewController.xib */; };
		2057FAA01C892B1300CC65FD /* LoginViewController.xib in Resources */ = {isa = PBXBuildFile; fileRef = 2057FA9D1C892B1300CC65FD /* LoginViewController.xib */; };
		2057FAAA1C89341700CC65FD /* HttpRequest_OS.m in Sources */ = {isa = PBXBuildFile; fileRef = 2057FAA91C89341700CC65FD /* HttpRequest_OS.m */; };
		2057FAAB1C89341700CC65FD /* HttpRequest_OS.m in Sources */ = {isa = PBXBuildFile; fileRef = 2057FAA91C89341700CC65FD /* HttpRequest_OS.m */; };
		2057FAAC1C89341700CC65FD /* HttpRequest_OS.m in Sources */ = {isa = PBXBuildFile; fileRef = 2057FAA91C89341700CC65FD /* HttpRequest_OS.m */; };
		2068A2281CC74C770026EC0F /* UserScenarioListData.m in Sources */ = {isa = PBXBuildFile; fileRef = 2068A2271CC74C770026EC0F /* UserScenarioListData.m */; };
		2068A22B1CC76CD10026EC0F /* TabBarViewController.m in Sources */ = {isa = PBXBuildFile; fileRef = 2068A22A1CC76CD10026EC0F /* TabBarViewController.m */; };
		2068A2371CC772FF0026EC0F /* GoodsListVC.m in Sources */ = {isa = PBXBuildFile; fileRef = 2068A2351CC772FF0026EC0F /* GoodsListVC.m */; };
		2068A2381CC772FF0026EC0F /* GoodsListVC.xib in Resources */ = {isa = PBXBuildFile; fileRef = 2068A2361CC772FF0026EC0F /* GoodsListVC.xib */; };
		2068A23F1CC7835A0026EC0F /* DeviceCenter.m in Sources */ = {isa = PBXBuildFile; fileRef = 2068A23E1CC7835A0026EC0F /* DeviceCenter.m */; };
		2068A2421CC78AA50026EC0F /* BluetoothListVC.m in Sources */ = {isa = PBXBuildFile; fileRef = 2068A2411CC78AA50026EC0F /* BluetoothListVC.m */; };
		2068A2441CC78AB20026EC0F /* BluetoothListVC.xib in Resources */ = {isa = PBXBuildFile; fileRef = 2068A2431CC78AB20026EC0F /* BluetoothListVC.xib */; };
		2068A2481CC8B1C60026EC0F /* BluetoothDetailsVC.m in Sources */ = {isa = PBXBuildFile; fileRef = 2068A2461CC8B1C60026EC0F /* BluetoothDetailsVC.m */; };
		2068A2491CC8B1C60026EC0F /* BluetoothDetailsVC.xib in Resources */ = {isa = PBXBuildFile; fileRef = 2068A2471CC8B1C60026EC0F /* BluetoothDetailsVC.xib */; };
		207734CE1C913BD100B5F18B /* HttpInterFace.m in Sources */ = {isa = PBXBuildFile; fileRef = 207734CD1C913BD100B5F18B /* HttpInterFace.m */; };
		207F12791CC0BECD009B9920 /* DeviceGroupVC.m in Sources */ = {isa = PBXBuildFile; fileRef = 207F12781CC0BECD009B9920 /* DeviceGroupVC.m */; };
		207F127B1CC0BEE1009B9920 /* DeviceGroupVC.xib in Resources */ = {isa = PBXBuildFile; fileRef = 207F127A1CC0BEE1009B9920 /* DeviceGroupVC.xib */; };
		207F12831CC0FB22009B9920 /* DeviceGroupCell.m in Sources */ = {isa = PBXBuildFile; fileRef = 207F12811CC0FB22009B9920 /* DeviceGroupCell.m */; };
		207F12841CC0FB22009B9920 /* DeviceGroupCell.xib in Resources */ = {isa = PBXBuildFile; fileRef = 207F12821CC0FB22009B9920 /* DeviceGroupCell.xib */; };
		20AD69DB1CE08A65005CE2ED /* AlertView.m in Sources */ = {isa = PBXBuildFile; fileRef = 20AD69D71CE08A65005CE2ED /* AlertView.m */; };
		20AD69DC1CE08A65005CE2ED /* AlertView_1001.m in Sources */ = {isa = PBXBuildFile; fileRef = 20AD69D91CE08A65005CE2ED /* AlertView_1001.m */; };
		20AD69DD1CE08A65005CE2ED /* AlertView_1001.xib in Resources */ = {isa = PBXBuildFile; fileRef = 20AD69DA1CE08A65005CE2ED /* AlertView_1001.xib */; };
		20AD6A001CE0BC09005CE2ED /* RoundedUIButton.m in Sources */ = {isa = PBXBuildFile; fileRef = 20AD69FD1CE0BC09005CE2ED /* RoundedUIButton.m */; };
		20AD6A011CE0BC09005CE2ED /* TButtonWithInfo.m in Sources */ = {isa = PBXBuildFile; fileRef = 20AD69FF1CE0BC09005CE2ED /* TButtonWithInfo.m */; };
		20AD6A0A1CE0E492005CE2ED /* MessageView_2002.m in Sources */ = {isa = PBXBuildFile; fileRef = 20AD6A081CE0E492005CE2ED /* MessageView_2002.m */; };
		20AD6A0B1CE0E492005CE2ED /* MessageView_2002.xib in Resources */ = {isa = PBXBuildFile; fileRef = 20AD6A091CE0E492005CE2ED /* MessageView_2002.xib */; };
		20AD6A101CE10303005CE2ED /* AboutUsVC.m in Sources */ = {isa = PBXBuildFile; fileRef = 20AD6A0E1CE10303005CE2ED /* AboutUsVC.m */; };
		20AD6A111CE10303005CE2ED /* AboutUsVC.xib in Resources */ = {isa = PBXBuildFile; fileRef = 20AD6A0F1CE10303005CE2ED /* AboutUsVC.xib */; };
		20B1F1031CE5D7F6002BC58D /* WavaSever.mm in Sources */ = {isa = PBXBuildFile; fileRef = 20B1F1011CE5D7F6002BC58D /* WavaSever.mm */; };
		4B3B257B940D743A37F6C6FF /* libPods.a in Frameworks */ = {isa = PBXBuildFile; fileRef = F51472C9056CF3EB7CAE501D /* libPods.a */; };
/* End PBXBuildFile section */

/* Begin PBXContainerItemProxy section */
		2057FA5B1C8923C900CC65FD /* PBXContainerItemProxy */ = {
			isa = PBXContainerItemProxy;
			containerPortal = 2057FA391C8923C900CC65FD /* Project object */;
			proxyType = 1;
			remoteGlobalIDString = 2057FA401C8923C900CC65FD;
			remoteInfo = "SmartHome-iOS";
		};
		2057FA661C8923C900CC65FD /* PBXContainerItemProxy */ = {
			isa = PBXContainerItemProxy;
			containerPortal = 2057FA391C8923C900CC65FD /* Project object */;
			proxyType = 1;
			remoteGlobalIDString = 2057FA401C8923C900CC65FD;
			remoteInfo = "SmartHome-iOS";
		};
/* End PBXContainerItemProxy section */

/* Begin PBXFileReference section */
		1AA091B3D1A6C359B4B0805C /* Pods.debug.xcconfig */ = {isa = PBXFileReference; includeInIndex = 1; lastKnownFileType = text.xcconfig; name = Pods.debug.xcconfig; path = "Pods/Target Support Files/Pods/Pods.debug.xcconfig"; sourceTree = "<group>"; };
		2013308F1D657D4400943C0D /* FCShowDataVC.h */ = {isa = PBXFileReference; fileEncoding = 4; lastKnownFileType = sourcecode.c.h; path = FCShowDataVC.h; sourceTree = "<group>"; };
		201330901D657D4400943C0D /* FCShowDataVC.m */ = {isa = PBXFileReference; fileEncoding = 4; lastKnownFileType = sourcecode.c.objc; path = FCShowDataVC.m; sourceTree = "<group>"; };
		201330911D657D4400943C0D /* FCShowDataVC.xib */ = {isa = PBXFileReference; fileEncoding = 4; lastKnownFileType = file.xib; path = FCShowDataVC.xib; sourceTree = "<group>"; };
		201330941D658DC300943C0D /* FCShowDataCell.h */ = {isa = PBXFileReference; fileEncoding = 4; lastKnownFileType = sourcecode.c.h; path = FCShowDataCell.h; sourceTree = "<group>"; };
		201330951D658DC300943C0D /* FCShowDataCell.m */ = {isa = PBXFileReference; fileEncoding = 4; lastKnownFileType = sourcecode.c.objc; path = FCShowDataCell.m; sourceTree = "<group>"; };
		201330961D658DC300943C0D /* FCShowDataCell.xib */ = {isa = PBXFileReference; fileEncoding = 4; lastKnownFileType = file.xib; path = FCShowDataCell.xib; sourceTree = "<group>"; };
		201330A11D6729C000943C0D /* RecommendInfoVC.h */ = {isa = PBXFileReference; fileEncoding = 4; lastKnownFileType = sourcecode.c.h; path = RecommendInfoVC.h; sourceTree = "<group>"; };
		201330A21D6729C000943C0D /* RecommendInfoVC.m */ = {isa = PBXFileReference; fileEncoding = 4; lastKnownFileType = sourcecode.c.objc; path = RecommendInfoVC.m; sourceTree = "<group>"; };
		201330A31D6729C000943C0D /* RecommendInfoVC.xib */ = {isa = PBXFileReference; fileEncoding = 4; lastKnownFileType = file.xib; path = RecommendInfoVC.xib; sourceTree = "<group>"; };
		2036D6E81C89391A00C72E0A /* NSDictionary+NSDictionaryCategory.h */ = {isa = PBXFileReference; fileEncoding = 4; lastKnownFileType = sourcecode.c.h; path = "NSDictionary+NSDictionaryCategory.h"; sourceTree = "<group>"; };
		2036D6E91C89391A00C72E0A /* NSDictionary+NSDictionaryCategory.m */ = {isa = PBXFileReference; fileEncoding = 4; lastKnownFileType = sourcecode.c.objc; path = "NSDictionary+NSDictionaryCategory.m"; sourceTree = "<group>"; };
		2039D2AA1D34D7C200E0EA55 /* HttpDownloadManager.h */ = {isa = PBXFileReference; fileEncoding = 4; lastKnownFileType = sourcecode.c.h; path = HttpDownloadManager.h; sourceTree = "<group>"; };
		2039D2AB1D34D7C200E0EA55 /* HttpDownloadManager.m */ = {isa = PBXFileReference; fileEncoding = 4; lastKnownFileType = sourcecode.c.objc; path = HttpDownloadManager.m; sourceTree = "<group>"; };
		2039D2B01D34DB2C00E0EA55 /* DataCache.h */ = {isa = PBXFileReference; fileEncoding = 4; lastKnownFileType = sourcecode.c.h; path = DataCache.h; sourceTree = "<group>"; };
		2039D2B11D34DB2C00E0EA55 /* DataCache.m */ = {isa = PBXFileReference; fileEncoding = 4; lastKnownFileType = sourcecode.c.objc; path = DataCache.m; sourceTree = "<group>"; };
		2039D2B31D34DE2500E0EA55 /* HttpDownloaderCompat.h */ = {isa = PBXFileReference; lastKnownFileType = sourcecode.c.h; path = HttpDownloaderCompat.h; sourceTree = "<group>"; };
		2039D2B41D34E3EB00E0EA55 /* DataDownloader.h */ = {isa = PBXFileReference; fileEncoding = 4; lastKnownFileType = sourcecode.c.h; path = DataDownloader.h; sourceTree = "<group>"; };
		2039D2B51D34E3EB00E0EA55 /* DataDownloader.m */ = {isa = PBXFileReference; fileEncoding = 4; lastKnownFileType = sourcecode.c.objc; path = DataDownloader.m; sourceTree = "<group>"; };
		2039D2B71D34E91D00E0EA55 /* DataDownloaderOperation.h */ = {isa = PBXFileReference; fileEncoding = 4; lastKnownFileType = sourcecode.c.h; path = DataDownloaderOperation.h; sourceTree = "<group>"; };
		2039D2B81D34E91D00E0EA55 /* DataDownloaderOperation.m */ = {isa = PBXFileReference; fileEncoding = 4; lastKnownFileType = sourcecode.c.objc; path = DataDownloaderOperation.m; sourceTree = "<group>"; };
		2039D2BA1D34F40500E0EA55 /* DataOperation.h */ = {isa = PBXFileReference; fileEncoding = 4; lastKnownFileType = sourcecode.c.h; path = DataOperation.h; sourceTree = "<group>"; };
		2047BFF61C91125F006E418E /* RegisterViewController.h */ = {isa = PBXFileReference; fileEncoding = 4; lastKnownFileType = sourcecode.c.h; path = RegisterViewController.h; sourceTree = "<group>"; };
		2047BFF71C91125F006E418E /* RegisterViewController.m */ = {isa = PBXFileReference; fileEncoding = 4; lastKnownFileType = sourcecode.c.objc; path = RegisterViewController.m; sourceTree = "<group>"; };
		2047BFF81C91125F006E418E /* RegisterViewController.xib */ = {isa = PBXFileReference; fileEncoding = 4; lastKnownFileType = file.xib; path = RegisterViewController.xib; sourceTree = "<group>"; };
		2057FA411C8923C900CC65FD /* SmartHome-iOS.app */ = {isa = PBXFileReference; explicitFileType = wrapper.application; includeInIndex = 0; path = "SmartHome-iOS.app"; sourceTree = BUILT_PRODUCTS_DIR; };
		2057FA451C8923C900CC65FD /* main.m */ = {isa = PBXFileReference; lastKnownFileType = sourcecode.c.objc; path = main.m; sourceTree = "<group>"; };
		2057FA471C8923C900CC65FD /* AppDelegate.h */ = {isa = PBXFileReference; lastKnownFileType = sourcecode.c.h; path = AppDelegate.h; sourceTree = "<group>"; };
		2057FA481C8923C900CC65FD /* AppDelegate.m */ = {isa = PBXFileReference; lastKnownFileType = sourcecode.c.objc; path = AppDelegate.m; sourceTree = "<group>"; };
		2057FA501C8923C900CC65FD /* Assets.xcassets */ = {isa = PBXFileReference; lastKnownFileType = folder.assetcatalog; path = Assets.xcassets; sourceTree = "<group>"; };
		2057FA531C8923C900CC65FD /* Base */ = {isa = PBXFileReference; lastKnownFileType = file.storyboard; name = Base; path = Base.lproj/LaunchScreen.storyboard; sourceTree = "<group>"; };
		2057FA551C8923C900CC65FD /* Info.plist */ = {isa = PBXFileReference; lastKnownFileType = text.plist.xml; path = Info.plist; sourceTree = "<group>"; };
		2057FA5A1C8923C900CC65FD /* SmartHome-iOSTests.xctest */ = {isa = PBXFileReference; explicitFileType = wrapper.cfbundle; includeInIndex = 0; path = "SmartHome-iOSTests.xctest"; sourceTree = BUILT_PRODUCTS_DIR; };
		2057FA5E1C8923C900CC65FD /* SmartHome_iOSTests.m */ = {isa = PBXFileReference; lastKnownFileType = sourcecode.c.objc; path = SmartHome_iOSTests.m; sourceTree = "<group>"; };
		2057FA601C8923C900CC65FD /* Info.plist */ = {isa = PBXFileReference; lastKnownFileType = text.plist.xml; path = Info.plist; sourceTree = "<group>"; };
		2057FA651C8923C900CC65FD /* SmartHome-iOSUITests.xctest */ = {isa = PBXFileReference; explicitFileType = wrapper.cfbundle; includeInIndex = 0; path = "SmartHome-iOSUITests.xctest"; sourceTree = BUILT_PRODUCTS_DIR; };
		2057FA691C8923C900CC65FD /* SmartHome_iOSUITests.m */ = {isa = PBXFileReference; lastKnownFileType = sourcecode.c.objc; path = SmartHome_iOSUITests.m; sourceTree = "<group>"; };
		2057FA6B1C8923C900CC65FD /* Info.plist */ = {isa = PBXFileReference; lastKnownFileType = text.plist.xml; path = Info.plist; sourceTree = "<group>"; };
		2057FA821C89262300CC65FD /* EnumValue.h */ = {isa = PBXFileReference; fileEncoding = 4; lastKnownFileType = sourcecode.c.h; path = EnumValue.h; sourceTree = "<group>"; };
		2057FA831C89267C00CC65FD /* Global_Variable.h */ = {isa = PBXFileReference; fileEncoding = 4; lastKnownFileType = sourcecode.c.h; path = Global_Variable.h; sourceTree = "<group>"; };
		2057FA841C89267C00CC65FD /* Global_Variable.m */ = {isa = PBXFileReference; fileEncoding = 4; lastKnownFileType = sourcecode.c.objc; path = Global_Variable.m; sourceTree = "<group>"; };
		2057FA891C89270E00CC65FD /* NSString+NSStringCategory.h */ = {isa = PBXFileReference; fileEncoding = 4; lastKnownFileType = sourcecode.c.h; path = "NSString+NSStringCategory.h"; sourceTree = "<group>"; };
		2057FA8A1C89270E00CC65FD /* NSString+NSStringCategory.m */ = {isa = PBXFileReference; fileEncoding = 4; lastKnownFileType = sourcecode.c.objc; path = "NSString+NSStringCategory.m"; sourceTree = "<group>"; };
		2057FA8E1C8928F900CC65FD /* SmartHomeViewController.h */ = {isa = PBXFileReference; fileEncoding = 4; lastKnownFileType = sourcecode.c.h; path = SmartHomeViewController.h; sourceTree = "<group>"; };
		2057FA8F1C8928F900CC65FD /* SmartHomeViewController.m */ = {isa = PBXFileReference; fileEncoding = 4; lastKnownFileType = sourcecode.c.objc; path = SmartHomeViewController.m; sourceTree = "<group>"; };
		2057FA941C892A2B00CC65FD /* LoginViewController.h */ = {isa = PBXFileReference; fileEncoding = 4; lastKnownFileType = sourcecode.c.h; path = LoginViewController.h; sourceTree = "<group>"; };
		2057FA951C892A2B00CC65FD /* LoginViewController.m */ = {isa = PBXFileReference; fileEncoding = 4; lastKnownFileType = sourcecode.c.objc; path = LoginViewController.m; sourceTree = "<group>"; };
		2057FA9D1C892B1300CC65FD /* LoginViewController.xib */ = {isa = PBXFileReference; fileEncoding = 4; lastKnownFileType = file.xib; path = LoginViewController.xib; sourceTree = "<group>"; };
		2057FAA11C89312F00CC65FD /* DefineValue.h */ = {isa = PBXFileReference; lastKnownFileType = sourcecode.c.h; path = DefineValue.h; sourceTree = "<group>"; };
		2057FAA81C89341700CC65FD /* HttpRequest_OS.h */ = {isa = PBXFileReference; fileEncoding = 4; lastKnownFileType = sourcecode.c.h; path = HttpRequest_OS.h; sourceTree = "<group>"; };
		2057FAA91C89341700CC65FD /* HttpRequest_OS.m */ = {isa = PBXFileReference; fileEncoding = 4; lastKnownFileType = sourcecode.c.objc; path = HttpRequest_OS.m; sourceTree = "<group>"; };
		2068A2261CC74C770026EC0F /* UserScenarioListData.h */ = {isa = PBXFileReference; fileEncoding = 4; lastKnownFileType = sourcecode.c.h; path = UserScenarioListData.h; sourceTree = "<group>"; };
		2068A2271CC74C770026EC0F /* UserScenarioListData.m */ = {isa = PBXFileReference; fileEncoding = 4; lastKnownFileType = sourcecode.c.objc; path = UserScenarioListData.m; sourceTree = "<group>"; };
		2068A2291CC76CD10026EC0F /* TabBarViewController.h */ = {isa = PBXFileReference; fileEncoding = 4; lastKnownFileType = sourcecode.c.h; path = TabBarViewController.h; sourceTree = "<group>"; };
		2068A22A1CC76CD10026EC0F /* TabBarViewController.m */ = {isa = PBXFileReference; fileEncoding = 4; lastKnownFileType = sourcecode.c.objc; path = TabBarViewController.m; sourceTree = "<group>"; };
		2068A2341CC772FF0026EC0F /* GoodsListVC.h */ = {isa = PBXFileReference; fileEncoding = 4; lastKnownFileType = sourcecode.c.h; path = GoodsListVC.h; sourceTree = "<group>"; };
		2068A2351CC772FF0026EC0F /* GoodsListVC.m */ = {isa = PBXFileReference; fileEncoding = 4; lastKnownFileType = sourcecode.c.objc; path = GoodsListVC.m; sourceTree = "<group>"; };
		2068A2361CC772FF0026EC0F /* GoodsListVC.xib */ = {isa = PBXFileReference; fileEncoding = 4; lastKnownFileType = file.xib; path = GoodsListVC.xib; sourceTree = "<group>"; };
		2068A23D1CC7835A0026EC0F /* DeviceCenter.h */ = {isa = PBXFileReference; fileEncoding = 4; lastKnownFileType = sourcecode.c.h; path = DeviceCenter.h; sourceTree = "<group>"; };
		2068A23E1CC7835A0026EC0F /* DeviceCenter.m */ = {isa = PBXFileReference; fileEncoding = 4; lastKnownFileType = sourcecode.c.objc; path = DeviceCenter.m; sourceTree = "<group>"; };
		2068A2401CC78AA50026EC0F /* BluetoothListVC.h */ = {isa = PBXFileReference; fileEncoding = 4; lastKnownFileType = sourcecode.c.h; path = BluetoothListVC.h; sourceTree = "<group>"; };
		2068A2411CC78AA50026EC0F /* BluetoothListVC.m */ = {isa = PBXFileReference; fileEncoding = 4; lastKnownFileType = sourcecode.c.objc; path = BluetoothListVC.m; sourceTree = "<group>"; };
		2068A2431CC78AB20026EC0F /* BluetoothListVC.xib */ = {isa = PBXFileReference; fileEncoding = 4; lastKnownFileType = file.xib; path = BluetoothListVC.xib; sourceTree = "<group>"; };
		2068A2451CC8B1C60026EC0F /* BluetoothDetailsVC.h */ = {isa = PBXFileReference; fileEncoding = 4; lastKnownFileType = sourcecode.c.h; path = BluetoothDetailsVC.h; sourceTree = "<group>"; };
		2068A2461CC8B1C60026EC0F /* BluetoothDetailsVC.m */ = {isa = PBXFileReference; fileEncoding = 4; lastKnownFileType = sourcecode.c.objc; path = BluetoothDetailsVC.m; sourceTree = "<group>"; };
		2068A2471CC8B1C60026EC0F /* BluetoothDetailsVC.xib */ = {isa = PBXFileReference; fileEncoding = 4; lastKnownFileType = file.xib; path = BluetoothDetailsVC.xib; sourceTree = "<group>"; };
		207734CC1C913BD100B5F18B /* HttpInterFace.h */ = {isa = PBXFileReference; fileEncoding = 4; lastKnownFileType = sourcecode.c.h; path = HttpInterFace.h; sourceTree = "<group>"; };
		207734CD1C913BD100B5F18B /* HttpInterFace.m */ = {isa = PBXFileReference; fileEncoding = 4; lastKnownFileType = sourcecode.c.objc; path = HttpInterFace.m; sourceTree = "<group>"; };
		207F12771CC0BECD009B9920 /* DeviceGroupVC.h */ = {isa = PBXFileReference; fileEncoding = 4; lastKnownFileType = sourcecode.c.h; path = DeviceGroupVC.h; sourceTree = "<group>"; };
		207F12781CC0BECD009B9920 /* DeviceGroupVC.m */ = {isa = PBXFileReference; fileEncoding = 4; lastKnownFileType = sourcecode.c.objc; path = DeviceGroupVC.m; sourceTree = "<group>"; };
		207F127A1CC0BEE1009B9920 /* DeviceGroupVC.xib */ = {isa = PBXFileReference; fileEncoding = 4; lastKnownFileType = file.xib; path = DeviceGroupVC.xib; sourceTree = "<group>"; };
		207F12801CC0FB22009B9920 /* DeviceGroupCell.h */ = {isa = PBXFileReference; fileEncoding = 4; lastKnownFileType = sourcecode.c.h; path = DeviceGroupCell.h; sourceTree = "<group>"; };
		207F12811CC0FB22009B9920 /* DeviceGroupCell.m */ = {isa = PBXFileReference; fileEncoding = 4; lastKnownFileType = sourcecode.c.objc; path = DeviceGroupCell.m; sourceTree = "<group>"; };
		207F12821CC0FB22009B9920 /* DeviceGroupCell.xib */ = {isa = PBXFileReference; fileEncoding = 4; lastKnownFileType = file.xib; path = DeviceGroupCell.xib; sourceTree = "<group>"; };
		20AD69D61CE08A65005CE2ED /* AlertView.h */ = {isa = PBXFileReference; fileEncoding = 4; lastKnownFileType = sourcecode.c.h; path = AlertView.h; sourceTree = "<group>"; };
		20AD69D71CE08A65005CE2ED /* AlertView.m */ = {isa = PBXFileReference; fileEncoding = 4; lastKnownFileType = sourcecode.c.objc; path = AlertView.m; sourceTree = "<group>"; };
		20AD69D81CE08A65005CE2ED /* AlertView_1001.h */ = {isa = PBXFileReference; fileEncoding = 4; lastKnownFileType = sourcecode.c.h; path = AlertView_1001.h; sourceTree = "<group>"; };
		20AD69D91CE08A65005CE2ED /* AlertView_1001.m */ = {isa = PBXFileReference; fileEncoding = 4; lastKnownFileType = sourcecode.c.objc; path = AlertView_1001.m; sourceTree = "<group>"; };
		20AD69DA1CE08A65005CE2ED /* AlertView_1001.xib */ = {isa = PBXFileReference; fileEncoding = 4; lastKnownFileType = file.xib; path = AlertView_1001.xib; sourceTree = "<group>"; };
		20AD69DF1CE096F2005CE2ED /* SmateHome.pch */ = {isa = PBXFileReference; lastKnownFileType = sourcecode.c.h; path = SmateHome.pch; sourceTree = "<group>"; };
		20AD69E01CE0B974005CE2ED /* AlertViewControllerDelegate.h */ = {isa = PBXFileReference; fileEncoding = 4; lastKnownFileType = sourcecode.c.h; path = AlertViewControllerDelegate.h; sourceTree = "<group>"; };
		20AD69FC1CE0BC09005CE2ED /* RoundedUIButton.h */ = {isa = PBXFileReference; fileEncoding = 4; lastKnownFileType = sourcecode.c.h; path = RoundedUIButton.h; sourceTree = "<group>"; };
		20AD69FD1CE0BC09005CE2ED /* RoundedUIButton.m */ = {isa = PBXFileReference; fileEncoding = 4; lastKnownFileType = sourcecode.c.objc; path = RoundedUIButton.m; sourceTree = "<group>"; };
		20AD69FE1CE0BC09005CE2ED /* TButtonWithInfo.h */ = {isa = PBXFileReference; fileEncoding = 4; lastKnownFileType = sourcecode.c.h; path = TButtonWithInfo.h; sourceTree = "<group>"; };
		20AD69FF1CE0BC09005CE2ED /* TButtonWithInfo.m */ = {isa = PBXFileReference; fileEncoding = 4; lastKnownFileType = sourcecode.c.objc; path = TButtonWithInfo.m; sourceTree = "<group>"; };
		20AD6A071CE0E492005CE2ED /* MessageView_2002.h */ = {isa = PBXFileReference; fileEncoding = 4; lastKnownFileType = sourcecode.c.h; path = MessageView_2002.h; sourceTree = "<group>"; };
		20AD6A081CE0E492005CE2ED /* MessageView_2002.m */ = {isa = PBXFileReference; fileEncoding = 4; lastKnownFileType = sourcecode.c.objc; path = MessageView_2002.m; sourceTree = "<group>"; };
		20AD6A091CE0E492005CE2ED /* MessageView_2002.xib */ = {isa = PBXFileReference; fileEncoding = 4; lastKnownFileType = file.xib; path = MessageView_2002.xib; sourceTree = "<group>"; };
		20AD6A0D1CE10303005CE2ED /* AboutUsVC.h */ = {isa = PBXFileReference; fileEncoding = 4; lastKnownFileType = sourcecode.c.h; path = AboutUsVC.h; sourceTree = "<group>"; };
		20AD6A0E1CE10303005CE2ED /* AboutUsVC.m */ = {isa = PBXFileReference; fileEncoding = 4; lastKnownFileType = sourcecode.c.objc; path = AboutUsVC.m; sourceTree = "<group>"; };
		20AD6A0F1CE10303005CE2ED /* AboutUsVC.xib */ = {isa = PBXFileReference; fileEncoding = 4; lastKnownFileType = file.xib; path = AboutUsVC.xib; sourceTree = "<group>"; };
		20AD6A121CE2D5C2005CE2ED /* Dbglog.h */ = {isa = PBXFileReference; fileEncoding = 4; lastKnownFileType = sourcecode.c.h; path = Dbglog.h; sourceTree = "<group>"; };
		20B1F1011CE5D7F6002BC58D /* WavaSever.mm */ = {isa = PBXFileReference; fileEncoding = 4; lastKnownFileType = sourcecode.cpp.objcpp; path = WavaSever.mm; sourceTree = "<group>"; };
		20B1F1021CE5D7F6002BC58D /* WavaSever.h */ = {isa = PBXFileReference; fileEncoding = 4; lastKnownFileType = sourcecode.c.h; path = WavaSever.h; sourceTree = "<group>"; };
		6BEB7F6FA3CB870BDA5A92D0 /* Pods.release.xcconfig */ = {isa = PBXFileReference; includeInIndex = 1; lastKnownFileType = text.xcconfig; name = Pods.release.xcconfig; path = "Pods/Target Support Files/Pods/Pods.release.xcconfig"; sourceTree = "<group>"; };
		F51472C9056CF3EB7CAE501D /* libPods.a */ = {isa = PBXFileReference; explicitFileType = archive.ar; includeInIndex = 0; path = libPods.a; sourceTree = BUILT_PRODUCTS_DIR; };
/* End PBXFileReference section */

/* Begin PBXFrameworksBuildPhase section */
		2057FA3E1C8923C900CC65FD /* Frameworks */ = {
			isa = PBXFrameworksBuildPhase;
			buildActionMask = 2147483647;
			files = (
				4B3B257B940D743A37F6C6FF /* libPods.a in Frameworks */,
			);
			runOnlyForDeploymentPostprocessing = 0;
		};
		2057FA571C8923C900CC65FD /* Frameworks */ = {
			isa = PBXFrameworksBuildPhase;
			buildActionMask = 2147483647;
			files = (
			);
			runOnlyForDeploymentPostprocessing = 0;
		};
		2057FA621C8923C900CC65FD /* Frameworks */ = {
			isa = PBXFrameworksBuildPhase;
			buildActionMask = 2147483647;
			files = (
			);
			runOnlyForDeploymentPostprocessing = 0;
		};
/* End PBXFrameworksBuildPhase section */

/* Begin PBXGroup section */
		201330841D6573E800943C0D /* FC */ = {
			isa = PBXGroup;
			children = (
				2013308F1D657D4400943C0D /* FCShowDataVC.h */,
				201330901D657D4400943C0D /* FCShowDataVC.m */,
				201330911D657D4400943C0D /* FCShowDataVC.xib */,
				201330941D658DC300943C0D /* FCShowDataCell.h */,
				201330951D658DC300943C0D /* FCShowDataCell.m */,
				201330961D658DC300943C0D /* FCShowDataCell.xib */,
				201330A11D6729C000943C0D /* RecommendInfoVC.h */,
				201330A21D6729C000943C0D /* RecommendInfoVC.m */,
				201330A31D6729C000943C0D /* RecommendInfoVC.xib */,
			);
			path = FC;
			sourceTree = "<group>";
		};
		2039D2A21D34D2B900E0EA55 /* Downloader */ = {
			isa = PBXGroup;
			children = (
				2039D2A61D34D2F200E0EA55 /* HttpDownLoad */,
			);
			path = Downloader;
			sourceTree = "<group>";
		};
		2039D2A61D34D2F200E0EA55 /* HttpDownLoad */ = {
			isa = PBXGroup;
			children = (
				2039D2BA1D34F40500E0EA55 /* DataOperation.h */,
				2039D2AA1D34D7C200E0EA55 /* HttpDownloadManager.h */,
				2039D2AB1D34D7C200E0EA55 /* HttpDownloadManager.m */,
				2039D2B01D34DB2C00E0EA55 /* DataCache.h */,
				2039D2B11D34DB2C00E0EA55 /* DataCache.m */,
				2039D2B31D34DE2500E0EA55 /* HttpDownloaderCompat.h */,
				2039D2B41D34E3EB00E0EA55 /* DataDownloader.h */,
				2039D2B51D34E3EB00E0EA55 /* DataDownloader.m */,
				2039D2B71D34E91D00E0EA55 /* DataDownloaderOperation.h */,
				2039D2B81D34E91D00E0EA55 /* DataDownloaderOperation.m */,
			);
			path = HttpDownLoad;
			sourceTree = "<group>";
		};
		2057FA381C8923C900CC65FD = {
			isa = PBXGroup;
			children = (
				2057FA431C8923C900CC65FD /* SmartHome-iOS */,
				2057FA5D1C8923C900CC65FD /* SmartHome-iOSTests */,
				2057FA681C8923C900CC65FD /* SmartHome-iOSUITests */,
				2057FA421C8923C900CC65FD /* Products */,
				61B00A078400281620494CC1 /* Pods */,
				4BFF34FAD52DCC1621AE8C10 /* Frameworks */,
			);
			sourceTree = "<group>";
		};
		2057FA421C8923C900CC65FD /* Products */ = {
			isa = PBXGroup;
			children = (
				2057FA411C8923C900CC65FD /* SmartHome-iOS.app */,
				2057FA5A1C8923C900CC65FD /* SmartHome-iOSTests.xctest */,
				2057FA651C8923C900CC65FD /* SmartHome-iOSUITests.xctest */,
			);
			name = Products;
			sourceTree = "<group>";
		};
		2057FA431C8923C900CC65FD /* SmartHome-iOS */ = {
			isa = PBXGroup;
			children = (
				2068A2251CC74C5E0026EC0F /* Mode */,
				20AD69FA1CE0BBFA005CE2ED /* TOOL */,
				2073476E1CD8A9200045757B /* ErrorAndMessageView */,
				2068A2391CC77F650026EC0F /* DeviceAccess */,
				207F12731CC0BE50009B9920 /* ViewControll */,
				2057FA931C8929FE00CC65FD /* Login */,
				2057FA801C8925AE00CC65FD /* Public */,
				2057FA471C8923C900CC65FD /* AppDelegate.h */,
				2057FA481C8923C900CC65FD /* AppDelegate.m */,
				2057FA501C8923C900CC65FD /* Assets.xcassets */,
				2057FA521C8923C900CC65FD /* LaunchScreen.storyboard */,
				2057FA551C8923C900CC65FD /* Info.plist */,
				2057FA441C8923C900CC65FD /* Supporting Files */,
			);
			path = "SmartHome-iOS";
			sourceTree = "<group>";
		};
		2057FA441C8923C900CC65FD /* Supporting Files */ = {
			isa = PBXGroup;
			children = (
				2057FA451C8923C900CC65FD /* main.m */,
				20AD69DF1CE096F2005CE2ED /* SmateHome.pch */,
			);
			name = "Supporting Files";
			sourceTree = "<group>";
		};
		2057FA5D1C8923C900CC65FD /* SmartHome-iOSTests */ = {
			isa = PBXGroup;
			children = (
				2057FA5E1C8923C900CC65FD /* SmartHome_iOSTests.m */,
				2057FA601C8923C900CC65FD /* Info.plist */,
			);
			path = "SmartHome-iOSTests";
			sourceTree = "<group>";
		};
		2057FA681C8923C900CC65FD /* SmartHome-iOSUITests */ = {
			isa = PBXGroup;
			children = (
				2057FA691C8923C900CC65FD /* SmartHome_iOSUITests.m */,
				2057FA6B1C8923C900CC65FD /* Info.plist */,
			);
			path = "SmartHome-iOSUITests";
			sourceTree = "<group>";
		};
		2057FA801C8925AE00CC65FD /* Public */ = {
			isa = PBXGroup;
			children = (
				2039D2A21D34D2B900E0EA55 /* Downloader */,
				2057FAA71C89340B00CC65FD /* HttpRequest */,
				2057FA881C8926E900CC65FD /* Category */,
				2057FA811C8925CD00CC65FD /* SuperClass */,
				2057FA821C89262300CC65FD /* EnumValue.h */,
				2057FAA11C89312F00CC65FD /* DefineValue.h */,
				20AD6A121CE2D5C2005CE2ED /* Dbglog.h */,
				2057FA831C89267C00CC65FD /* Global_Variable.h */,
				2057FA841C89267C00CC65FD /* Global_Variable.m */,
			);
			path = Public;
			sourceTree = "<group>";
		};
		2057FA811C8925CD00CC65FD /* SuperClass */ = {
			isa = PBXGroup;
			children = (
				2057FA8E1C8928F900CC65FD /* SmartHomeViewController.h */,
				2057FA8F1C8928F900CC65FD /* SmartHomeViewController.m */,
				2068A2291CC76CD10026EC0F /* TabBarViewController.h */,
				2068A22A1CC76CD10026EC0F /* TabBarViewController.m */,
			);
			path = SuperClass;
			sourceTree = "<group>";
		};
		2057FA881C8926E900CC65FD /* Category */ = {
			isa = PBXGroup;
			children = (
				2057FA891C89270E00CC65FD /* NSString+NSStringCategory.h */,
				2057FA8A1C89270E00CC65FD /* NSString+NSStringCategory.m */,
				2036D6E81C89391A00C72E0A /* NSDictionary+NSDictionaryCategory.h */,
				2036D6E91C89391A00C72E0A /* NSDictionary+NSDictionaryCategory.m */,
			);
			path = Category;
			sourceTree = "<group>";
		};
		2057FA931C8929FE00CC65FD /* Login */ = {
			isa = PBXGroup;
			children = (
				2057FA941C892A2B00CC65FD /* LoginViewController.h */,
				2057FA951C892A2B00CC65FD /* LoginViewController.m */,
				2057FA9D1C892B1300CC65FD /* LoginViewController.xib */,
				2047BFF61C91125F006E418E /* RegisterViewController.h */,
				2047BFF71C91125F006E418E /* RegisterViewController.m */,
				2047BFF81C91125F006E418E /* RegisterViewController.xib */,
			);
			path = Login;
			sourceTree = "<group>";
		};
		2057FAA71C89340B00CC65FD /* HttpRequest */ = {
			isa = PBXGroup;
			children = (
				2057FAA81C89341700CC65FD /* HttpRequest_OS.h */,
				2057FAA91C89341700CC65FD /* HttpRequest_OS.m */,
				207734CC1C913BD100B5F18B /* HttpInterFace.h */,
				207734CD1C913BD100B5F18B /* HttpInterFace.m */,
			);
			path = HttpRequest;
			sourceTree = "<group>";
		};
		2068A2251CC74C5E0026EC0F /* Mode */ = {
			isa = PBXGroup;
			children = (
				2068A2261CC74C770026EC0F /* UserScenarioListData.h */,
				2068A2271CC74C770026EC0F /* UserScenarioListData.m */,
			);
			name = Mode;
			path = ViewControll/Mode;
			sourceTree = "<group>";
		};
		2068A2391CC77F650026EC0F /* DeviceAccess */ = {
			isa = PBXGroup;
			children = (
				2068A23D1CC7835A0026EC0F /* DeviceCenter.h */,
				2068A23E1CC7835A0026EC0F /* DeviceCenter.m */,
				20B1F1011CE5D7F6002BC58D /* WavaSever.mm */,
				20B1F1021CE5D7F6002BC58D /* WavaSever.h */,
			);
			path = DeviceAccess;
			sourceTree = "<group>";
		};
		2073476E1CD8A9200045757B /* ErrorAndMessageView */ = {
			isa = PBXGroup;
			children = (
				20AD69D61CE08A65005CE2ED /* AlertView.h */,
				20AD69D71CE08A65005CE2ED /* AlertView.m */,
				20AD69D81CE08A65005CE2ED /* AlertView_1001.h */,
				20AD69D91CE08A65005CE2ED /* AlertView_1001.m */,
				20AD69DA1CE08A65005CE2ED /* AlertView_1001.xib */,
				20AD6A071CE0E492005CE2ED /* MessageView_2002.h */,
				20AD6A081CE0E492005CE2ED /* MessageView_2002.m */,
				20AD6A091CE0E492005CE2ED /* MessageView_2002.xib */,
				20AD69E01CE0B974005CE2ED /* AlertViewControllerDelegate.h */,
			);
			path = ErrorAndMessageView;
			sourceTree = "<group>";
		};
		207F12731CC0BE50009B9920 /* ViewControll */ = {
			isa = PBXGroup;
			children = (
				201330841D6573E800943C0D /* FC */,
				20AD6A0C1CE102E5005CE2ED /* AboutUs */,
				207F12771CC0BECD009B9920 /* DeviceGroupVC.h */,
				207F12781CC0BECD009B9920 /* DeviceGroupVC.m */,
				207F127A1CC0BEE1009B9920 /* DeviceGroupVC.xib */,
				2068A2451CC8B1C60026EC0F /* BluetoothDetailsVC.h */,
				2068A2461CC8B1C60026EC0F /* BluetoothDetailsVC.m */,
				2068A2471CC8B1C60026EC0F /* BluetoothDetailsVC.xib */,
				207F12801CC0FB22009B9920 /* DeviceGroupCell.h */,
				207F12811CC0FB22009B9920 /* DeviceGroupCell.m */,
				207F12821CC0FB22009B9920 /* DeviceGroupCell.xib */,
				2068A2341CC772FF0026EC0F /* GoodsListVC.h */,
				2068A2351CC772FF0026EC0F /* GoodsListVC.m */,
				2068A2361CC772FF0026EC0F /* GoodsListVC.xib */,
				2068A2401CC78AA50026EC0F /* BluetoothListVC.h */,
				2068A2411CC78AA50026EC0F /* BluetoothListVC.m */,
				2068A2431CC78AB20026EC0F /* BluetoothListVC.xib */,
			);
			path = ViewControll;
			sourceTree = "<group>";
		};
		20AD69FA1CE0BBFA005CE2ED /* TOOL */ = {
			isa = PBXGroup;
			children = (
				20AD69FB1CE0BC09005CE2ED /* UIButtonExtend */,
			);
			path = TOOL;
			sourceTree = "<group>";
		};
		20AD69FB1CE0BC09005CE2ED /* UIButtonExtend */ = {
			isa = PBXGroup;
			children = (
				20AD69FC1CE0BC09005CE2ED /* RoundedUIButton.h */,
				20AD69FD1CE0BC09005CE2ED /* RoundedUIButton.m */,
				20AD69FE1CE0BC09005CE2ED /* TButtonWithInfo.h */,
				20AD69FF1CE0BC09005CE2ED /* TButtonWithInfo.m */,
			);
			path = UIButtonExtend;
			sourceTree = "<group>";
		};
		20AD6A0C1CE102E5005CE2ED /* AboutUs */ = {
			isa = PBXGroup;
			children = (
				20AD6A0D1CE10303005CE2ED /* AboutUsVC.h */,
				20AD6A0E1CE10303005CE2ED /* AboutUsVC.m */,
				20AD6A0F1CE10303005CE2ED /* AboutUsVC.xib */,
			);
			path = AboutUs;
			sourceTree = "<group>";
		};
		4BFF34FAD52DCC1621AE8C10 /* Frameworks */ = {
			isa = PBXGroup;
			children = (
				F51472C9056CF3EB7CAE501D /* libPods.a */,
			);
			name = Frameworks;
			sourceTree = "<group>";
		};
		61B00A078400281620494CC1 /* Pods */ = {
			isa = PBXGroup;
			children = (
				1AA091B3D1A6C359B4B0805C /* Pods.debug.xcconfig */,
				6BEB7F6FA3CB870BDA5A92D0 /* Pods.release.xcconfig */,
			);
			name = Pods;
			sourceTree = "<group>";
		};
/* End PBXGroup section */

/* Begin PBXNativeTarget section */
		2057FA401C8923C900CC65FD /* SmartHome-iOS */ = {
			isa = PBXNativeTarget;
			buildConfigurationList = 2057FA6E1C8923C900CC65FD /* Build configuration list for PBXNativeTarget "SmartHome-iOS" */;
			buildPhases = (
				F12D02DF005185E1DB0DF832 /* Check Pods Manifest.lock */,
				2057FA3D1C8923C900CC65FD /* Sources */,
				2057FA3E1C8923C900CC65FD /* Frameworks */,
				2057FA3F1C8923C900CC65FD /* Resources */,
				5A34BAE9455D56DABF92DEC1 /* Embed Pods Frameworks */,
				B33EE8BEF6065D3BB06D0545 /* Copy Pods Resources */,
			);
			buildRules = (
			);
			dependencies = (
			);
			name = "SmartHome-iOS";
			productName = "SmartHome-iOS";
			productReference = 2057FA411C8923C900CC65FD /* SmartHome-iOS.app */;
			productType = "com.apple.product-type.application";
		};
		2057FA591C8923C900CC65FD /* SmartHome-iOSTests */ = {
			isa = PBXNativeTarget;
			buildConfigurationList = 2057FA711C8923C900CC65FD /* Build configuration list for PBXNativeTarget "SmartHome-iOSTests" */;
			buildPhases = (
				2057FA561C8923C900CC65FD /* Sources */,
				2057FA571C8923C900CC65FD /* Frameworks */,
				2057FA581C8923C900CC65FD /* Resources */,
			);
			buildRules = (
			);
			dependencies = (
				2057FA5C1C8923C900CC65FD /* PBXTargetDependency */,
			);
			name = "SmartHome-iOSTests";
			productName = "SmartHome-iOSTests";
			productReference = 2057FA5A1C8923C900CC65FD /* SmartHome-iOSTests.xctest */;
			productType = "com.apple.product-type.bundle.unit-test";
		};
		2057FA641C8923C900CC65FD /* SmartHome-iOSUITests */ = {
			isa = PBXNativeTarget;
			buildConfigurationList = 2057FA741C8923C900CC65FD /* Build configuration list for PBXNativeTarget "SmartHome-iOSUITests" */;
			buildPhases = (
				2057FA611C8923C900CC65FD /* Sources */,
				2057FA621C8923C900CC65FD /* Frameworks */,
				2057FA631C8923C900CC65FD /* Resources */,
			);
			buildRules = (
			);
			dependencies = (
				2057FA671C8923C900CC65FD /* PBXTargetDependency */,
			);
			name = "SmartHome-iOSUITests";
			productName = "SmartHome-iOSUITests";
			productReference = 2057FA651C8923C900CC65FD /* SmartHome-iOSUITests.xctest */;
			productType = "com.apple.product-type.bundle.ui-testing";
		};
/* End PBXNativeTarget section */

/* Begin PBXProject section */
		2057FA391C8923C900CC65FD /* Project object */ = {
			isa = PBXProject;
			attributes = {
				LastUpgradeCheck = 0720;
				ORGANIZATIONNAME = xiaoqy;
				TargetAttributes = {
					2057FA401C8923C900CC65FD = {
						CreatedOnToolsVersion = 7.2.1;
					};
					2057FA591C8923C900CC65FD = {
						CreatedOnToolsVersion = 7.2.1;
						TestTargetID = 2057FA401C8923C900CC65FD;
					};
					2057FA641C8923C900CC65FD = {
						CreatedOnToolsVersion = 7.2.1;
						TestTargetID = 2057FA401C8923C900CC65FD;
					};
				};
			};
			buildConfigurationList = 2057FA3C1C8923C900CC65FD /* Build configuration list for PBXProject "SmartHome-iOS" */;
			compatibilityVersion = "Xcode 3.2";
			developmentRegion = English;
			hasScannedForEncodings = 0;
			knownRegions = (
				en,
				Base,
			);
			mainGroup = 2057FA381C8923C900CC65FD;
			productRefGroup = 2057FA421C8923C900CC65FD /* Products */;
			projectDirPath = "";
			projectRoot = "";
			targets = (
				2057FA401C8923C900CC65FD /* SmartHome-iOS */,
				2057FA591C8923C900CC65FD /* SmartHome-iOSTests */,
				2057FA641C8923C900CC65FD /* SmartHome-iOSUITests */,
			);
		};
/* End PBXProject section */

/* Begin PBXResourcesBuildPhase section */
		2057FA3F1C8923C900CC65FD /* Resources */ = {
			isa = PBXResourcesBuildPhase;
			buildActionMask = 2147483647;
			files = (
				2068A2381CC772FF0026EC0F /* GoodsListVC.xib in Resources */,
				2057FA541C8923C900CC65FD /* LaunchScreen.storyboard in Resources */,
				201330A51D6729C000943C0D /* RecommendInfoVC.xib in Resources */,
				2068A2491CC8B1C60026EC0F /* BluetoothDetailsVC.xib in Resources */,
				207F127B1CC0BEE1009B9920 /* DeviceGroupVC.xib in Resources */,
				2057FA511C8923C900CC65FD /* Assets.xcassets in Resources */,
				201330931D657D4400943C0D /* FCShowDataVC.xib in Resources */,
				2057FA9E1C892B1300CC65FD /* LoginViewController.xib in Resources */,
				201330981D658DC300943C0D /* FCShowDataCell.xib in Resources */,
				20AD6A111CE10303005CE2ED /* AboutUsVC.xib in Resources */,
				2047BFFA1C91125F006E418E /* RegisterViewController.xib in Resources */,
				207F12841CC0FB22009B9920 /* DeviceGroupCell.xib in Resources */,
				2068A2441CC78AB20026EC0F /* BluetoothListVC.xib in Resources */,
				20AD69DD1CE08A65005CE2ED /* AlertView_1001.xib in Resources */,
				20AD6A0B1CE0E492005CE2ED /* MessageView_2002.xib in Resources */,
			);
			runOnlyForDeploymentPostprocessing = 0;
		};
		2057FA581C8923C900CC65FD /* Resources */ = {
			isa = PBXResourcesBuildPhase;
			buildActionMask = 2147483647;
			files = (
				2057FA9F1C892B1300CC65FD /* LoginViewController.xib in Resources */,
			);
			runOnlyForDeploymentPostprocessing = 0;
		};
		2057FA631C8923C900CC65FD /* Resources */ = {
			isa = PBXResourcesBuildPhase;
			buildActionMask = 2147483647;
			files = (
				2057FAA01C892B1300CC65FD /* LoginViewController.xib in Resources */,
			);
			runOnlyForDeploymentPostprocessing = 0;
		};
/* End PBXResourcesBuildPhase section */

/* Begin PBXShellScriptBuildPhase section */
		5A34BAE9455D56DABF92DEC1 /* Embed Pods Frameworks */ = {
			isa = PBXShellScriptBuildPhase;
			buildActionMask = 2147483647;
			files = (
			);
			inputPaths = (
			);
			name = "Embed Pods Frameworks";
			outputPaths = (
			);
			runOnlyForDeploymentPostprocessing = 0;
			shellPath = /bin/sh;
			shellScript = "\"${SRCROOT}/Pods/Target Support Files/Pods/Pods-frameworks.sh\"\n";
			showEnvVarsInLog = 0;
		};
		B33EE8BEF6065D3BB06D0545 /* Copy Pods Resources */ = {
			isa = PBXShellScriptBuildPhase;
			buildActionMask = 2147483647;
			files = (
			);
			inputPaths = (
			);
			name = "Copy Pods Resources";
			outputPaths = (
			);
			runOnlyForDeploymentPostprocessing = 0;
			shellPath = /bin/sh;
			shellScript = "\"${SRCROOT}/Pods/Target Support Files/Pods/Pods-resources.sh\"\n";
			showEnvVarsInLog = 0;
		};
		F12D02DF005185E1DB0DF832 /* Check Pods Manifest.lock */ = {
			isa = PBXShellScriptBuildPhase;
			buildActionMask = 2147483647;
			files = (
			);
			inputPaths = (
			);
			name = "Check Pods Manifest.lock";
			outputPaths = (
			);
			runOnlyForDeploymentPostprocessing = 0;
			shellPath = /bin/sh;
			shellScript = "diff \"${PODS_ROOT}/../Podfile.lock\" \"${PODS_ROOT}/Manifest.lock\" > /dev/null\nif [[ $? != 0 ]] ; then\n    cat << EOM\nerror: The sandbox is not in sync with the Podfile.lock. Run 'pod install' or update your CocoaPods installation.\nEOM\n    exit 1\nfi\n";
			showEnvVarsInLog = 0;
		};
/* End PBXShellScriptBuildPhase section */

/* Begin PBXSourcesBuildPhase section */
		2057FA3D1C8923C900CC65FD /* Sources */ = {
			isa = PBXSourcesBuildPhase;
			buildActionMask = 2147483647;
			files = (
				20AD6A011CE0BC09005CE2ED /* TButtonWithInfo.m in Sources */,
				2039D2B61D34E3EB00E0EA55 /* DataDownloader.m in Sources */,
				2057FA491C8923C900CC65FD /* AppDelegate.m in Sources */,
				207F12831CC0FB22009B9920 /* DeviceGroupCell.m in Sources */,
				2068A22B1CC76CD10026EC0F /* TabBarViewController.m in Sources */,
				2068A2281CC74C770026EC0F /* UserScenarioListData.m in Sources */,
				2057FA8B1C89270E00CC65FD /* NSString+NSStringCategory.m in Sources */,
				2068A2421CC78AA50026EC0F /* BluetoothListVC.m in Sources */,
				2068A2481CC8B1C60026EC0F /* BluetoothDetailsVC.m in Sources */,
				2039D2B21D34DB2C00E0EA55 /* DataCache.m in Sources */,
				20AD69DB1CE08A65005CE2ED /* AlertView.m in Sources */,
				207F12791CC0BECD009B9920 /* DeviceGroupVC.m in Sources */,
				20AD6A101CE10303005CE2ED /* AboutUsVC.m in Sources */,
				20AD6A0A1CE0E492005CE2ED /* MessageView_2002.m in Sources */,
				2057FAAA1C89341700CC65FD /* HttpRequest_OS.m in Sources */,
				2057FA961C892A2B00CC65FD /* LoginViewController.m in Sources */,
				2047BFF91C91125F006E418E /* RegisterViewController.m in Sources */,
				2068A2371CC772FF0026EC0F /* GoodsListVC.m in Sources */,
				2057FA851C89267C00CC65FD /* Global_Variable.m in Sources */,
				201330A41D6729C000943C0D /* RecommendInfoVC.m in Sources */,
				2036D6EA1C89391A00C72E0A /* NSDictionary+NSDictionaryCategory.m in Sources */,
				20B1F1031CE5D7F6002BC58D /* WavaSever.mm in Sources */,
				20AD69DC1CE08A65005CE2ED /* AlertView_1001.m in Sources */,
				201330921D657D4400943C0D /* FCShowDataVC.m in Sources */,
				2039D2B91D34E91D00E0EA55 /* DataDownloaderOperation.m in Sources */,
				2057FA461C8923C900CC65FD /* main.m in Sources */,
				2057FA901C8928F900CC65FD /* SmartHomeViewController.m in Sources */,
				2068A23F1CC7835A0026EC0F /* DeviceCenter.m in Sources */,
				201330971D658DC300943C0D /* FCShowDataCell.m in Sources */,
				20AD6A001CE0BC09005CE2ED /* RoundedUIButton.m in Sources */,
				207734CE1C913BD100B5F18B /* HttpInterFace.m in Sources */,
				2039D2AC1D34D7C200E0EA55 /* HttpDownloadManager.m in Sources */,
			);
			runOnlyForDeploymentPostprocessing = 0;
		};
		2057FA561C8923C900CC65FD /* Sources */ = {
			isa = PBXSourcesBuildPhase;
			buildActionMask = 2147483647;
			files = (
				2057FA8C1C89270E00CC65FD /* NSString+NSStringCategory.m in Sources */,
				2057FA861C89267C00CC65FD /* Global_Variable.m in Sources */,
				2036D6EB1C89391A00C72E0A /* NSDictionary+NSDictionaryCategory.m in Sources */,
				2057FA5F1C8923C900CC65FD /* SmartHome_iOSTests.m in Sources */,
				2057FA911C8928F900CC65FD /* SmartHomeViewController.m in Sources */,
				2057FA971C892A2B00CC65FD /* LoginViewController.m in Sources */,
				2057FAAB1C89341700CC65FD /* HttpRequest_OS.m in Sources */,
			);
			runOnlyForDeploymentPostprocessing = 0;
		};
		2057FA611C8923C900CC65FD /* Sources */ = {
			isa = PBXSourcesBuildPhase;
			buildActionMask = 2147483647;
			files = (
				2057FA8D1C89270E00CC65FD /* NSString+NSStringCategory.m in Sources */,
				2057FA871C89267C00CC65FD /* Global_Variable.m in Sources */,
				2036D6EC1C89391A00C72E0A /* NSDictionary+NSDictionaryCategory.m in Sources */,
				2057FA6A1C8923C900CC65FD /* SmartHome_iOSUITests.m in Sources */,
				2057FA921C8928F900CC65FD /* SmartHomeViewController.m in Sources */,
				2057FA981C892A2B00CC65FD /* LoginViewController.m in Sources */,
				2057FAAC1C89341700CC65FD /* HttpRequest_OS.m in Sources */,
			);
			runOnlyForDeploymentPostprocessing = 0;
		};
/* End PBXSourcesBuildPhase section */

/* Begin PBXTargetDependency section */
		2057FA5C1C8923C900CC65FD /* PBXTargetDependency */ = {
			isa = PBXTargetDependency;
			target = 2057FA401C8923C900CC65FD /* SmartHome-iOS */;
			targetProxy = 2057FA5B1C8923C900CC65FD /* PBXContainerItemProxy */;
		};
		2057FA671C8923C900CC65FD /* PBXTargetDependency */ = {
			isa = PBXTargetDependency;
			target = 2057FA401C8923C900CC65FD /* SmartHome-iOS */;
			targetProxy = 2057FA661C8923C900CC65FD /* PBXContainerItemProxy */;
		};
/* End PBXTargetDependency section */

/* Begin PBXVariantGroup section */
		2057FA521C8923C900CC65FD /* LaunchScreen.storyboard */ = {
			isa = PBXVariantGroup;
			children = (
				2057FA531C8923C900CC65FD /* Base */,
			);
			name = LaunchScreen.storyboard;
			sourceTree = "<group>";
		};
/* End PBXVariantGroup section */

/* Begin XCBuildConfiguration section */
		2057FA6C1C8923C900CC65FD /* Debug */ = {
			isa = XCBuildConfiguration;
			buildSettings = {
				ALWAYS_SEARCH_USER_PATHS = NO;
				CLANG_CXX_LANGUAGE_STANDARD = "gnu++0x";
				CLANG_CXX_LIBRARY = "libc++";
				CLANG_ENABLE_MODULES = YES;
				CLANG_ENABLE_OBJC_ARC = YES;
				CLANG_WARN_BOOL_CONVERSION = YES;
				CLANG_WARN_CONSTANT_CONVERSION = YES;
				CLANG_WARN_DIRECT_OBJC_ISA_USAGE = YES_ERROR;
				CLANG_WARN_EMPTY_BODY = YES;
				CLANG_WARN_ENUM_CONVERSION = YES;
				CLANG_WARN_INT_CONVERSION = YES;
				CLANG_WARN_OBJC_ROOT_CLASS = YES_ERROR;
				CLANG_WARN_UNREACHABLE_CODE = YES;
				CLANG_WARN__DUPLICATE_METHOD_MATCH = YES;
				"CODE_SIGN_IDENTITY[sdk=iphoneos*]" = "iPhone Developer";
				COPY_PHASE_STRIP = NO;
				DEBUG_INFORMATION_FORMAT = dwarf;
				ENABLE_STRICT_OBJC_MSGSEND = YES;
				ENABLE_TESTABILITY = YES;
				GCC_C_LANGUAGE_STANDARD = gnu99;
				GCC_DYNAMIC_NO_PIC = NO;
				GCC_NO_COMMON_BLOCKS = YES;
				GCC_OPTIMIZATION_LEVEL = 0;
				GCC_PREPROCESSOR_DEFINITIONS = (
					"DEBUG=1",
					"$(inherited)",
				);
				GCC_WARN_64_TO_32_BIT_CONVERSION = YES;
				GCC_WARN_ABOUT_RETURN_TYPE = YES_ERROR;
				GCC_WARN_UNDECLARED_SELECTOR = YES;
				GCC_WARN_UNINITIALIZED_AUTOS = YES_AGGRESSIVE;
				GCC_WARN_UNUSED_FUNCTION = YES;
				GCC_WARN_UNUSED_VARIABLE = YES;
				IPHONEOS_DEPLOYMENT_TARGET = 9.2;
				MTL_ENABLE_DEBUG_INFO = YES;
				ONLY_ACTIVE_ARCH = YES;
				SDKROOT = iphoneos;
			};
			name = Debug;
		};
		2057FA6D1C8923C900CC65FD /* Release */ = {
			isa = XCBuildConfiguration;
			buildSettings = {
				ALWAYS_SEARCH_USER_PATHS = NO;
				CLANG_CXX_LANGUAGE_STANDARD = "gnu++0x";
				CLANG_CXX_LIBRARY = "libc++";
				CLANG_ENABLE_MODULES = YES;
				CLANG_ENABLE_OBJC_ARC = YES;
				CLANG_WARN_BOOL_CONVERSION = YES;
				CLANG_WARN_CONSTANT_CONVERSION = YES;
				CLANG_WARN_DIRECT_OBJC_ISA_USAGE = YES_ERROR;
				CLANG_WARN_EMPTY_BODY = YES;
				CLANG_WARN_ENUM_CONVERSION = YES;
				CLANG_WARN_INT_CONVERSION = YES;
				CLANG_WARN_OBJC_ROOT_CLASS = YES_ERROR;
				CLANG_WARN_UNREACHABLE_CODE = YES;
				CLANG_WARN__DUPLICATE_METHOD_MATCH = YES;
				"CODE_SIGN_IDENTITY[sdk=iphoneos*]" = "iPhone Developer";
				COPY_PHASE_STRIP = NO;
				DEBUG_INFORMATION_FORMAT = "dwarf-with-dsym";
				ENABLE_NS_ASSERTIONS = NO;
				ENABLE_STRICT_OBJC_MSGSEND = YES;
				GCC_C_LANGUAGE_STANDARD = gnu99;
				GCC_NO_COMMON_BLOCKS = YES;
				GCC_WARN_64_TO_32_BIT_CONVERSION = YES;
				GCC_WARN_ABOUT_RETURN_TYPE = YES_ERROR;
				GCC_WARN_UNDECLARED_SELECTOR = YES;
				GCC_WARN_UNINITIALIZED_AUTOS = YES_AGGRESSIVE;
				GCC_WARN_UNUSED_FUNCTION = YES;
				GCC_WARN_UNUSED_VARIABLE = YES;
				IPHONEOS_DEPLOYMENT_TARGET = 9.2;
				MTL_ENABLE_DEBUG_INFO = NO;
				SDKROOT = iphoneos;
				VALIDATE_PRODUCT = YES;
			};
			name = Release;
		};
		2057FA6F1C8923C900CC65FD /* Debug */ = {
			isa = XCBuildConfiguration;
			baseConfigurationReference = 1AA091B3D1A6C359B4B0805C /* Pods.debug.xcconfig */;
			buildSettings = {
				ASSETCATALOG_COMPILER_APPICON_NAME = AppIcon;
				CLANG_ENABLE_MODULES = YES;
				CODE_SIGN_IDENTITY = "iPhone Developer: Chou Jun Hao (PZ4AX537TW)";
				"CODE_SIGN_IDENTITY[sdk=iphoneos*]" = "iPhone Developer: Chou Jun Hao (PZ4AX537TW)";
				GCC_PRECOMPILE_PREFIX_HEADER = YES;
				GCC_PREFIX_HEADER = "SmartHome-iOS/SmateHome.pch";
				INFOPLIST_FILE = "SmartHome-iOS/Info.plist";
				LD_RUNPATH_SEARCH_PATHS = "$(inherited) @executable_path/Frameworks";
				ONLY_ACTIVE_ARCH = NO;
				PRODUCT_BUNDLE_IDENTIFIER = com.sanweidu.TddPay;
				PRODUCT_NAME = "$(TARGET_NAME)";
				PROVISIONING_PROFILE = "";
				SWIFT_OBJC_BRIDGING_HEADER = "SmartHome-iOS/ErrorAndMessageView/SmartHome-iOS-Bridging-Header.h";
				SWIFT_OPTIMIZATION_LEVEL = "-Onone";
			};
			name = Debug;
		};
		2057FA701C8923C900CC65FD /* Release */ = {
			isa = XCBuildConfiguration;
			baseConfigurationReference = 6BEB7F6FA3CB870BDA5A92D0 /* Pods.release.xcconfig */;
			buildSettings = {
				ASSETCATALOG_COMPILER_APPICON_NAME = AppIcon;
				CLANG_ENABLE_MODULES = YES;
				CODE_SIGN_IDENTITY = "iPhone Developer: Chou Jun Hao (PZ4AX537TW)";
				"CODE_SIGN_IDENTITY[sdk=iphoneos*]" = "iPhone Developer: Chou Jun Hao (PZ4AX537TW)";
				GCC_PRECOMPILE_PREFIX_HEADER = YES;
				GCC_PREFIX_HEADER = "SmartHome-iOS/SmateHome.pch";
				INFOPLIST_FILE = "SmartHome-iOS/Info.plist";
				LD_RUNPATH_SEARCH_PATHS = "$(inherited) @executable_path/Frameworks";
				ONLY_ACTIVE_ARCH = NO;
				PRODUCT_BUNDLE_IDENTIFIER = com.sanweidu.TddPay;
				PRODUCT_NAME = "$(TARGET_NAME)";
				PROVISIONING_PROFILE = "";
				SWIFT_OBJC_BRIDGING_HEADER = "SmartHome-iOS/ErrorAndMessageView/SmartHome-iOS-Bridging-Header.h";
			};
			name = Release;
		};
		2057FA721C8923C900CC65FD /* Debug */ = {
			isa = XCBuildConfiguration;
			buildSettings = {
				BUNDLE_LOADER = "$(TEST_HOST)";
				INFOPLIST_FILE = "SmartHome-iOSTests/Info.plist";
				LD_RUNPATH_SEARCH_PATHS = "$(inherited) @executable_path/Frameworks @loader_path/Frameworks";
				PRODUCT_BUNDLE_IDENTIFIER = "com.sanweidu.TDDPayBLE.SmartHome-iOSTests";
				PRODUCT_NAME = "$(TARGET_NAME)";
				TEST_HOST = "$(BUILT_PRODUCTS_DIR)/SmartHome-iOS.app/SmartHome-iOS";
			};
			name = Debug;
		};
		2057FA731C8923C900CC65FD /* Release */ = {
			isa = XCBuildConfiguration;
			buildSettings = {
				BUNDLE_LOADER = "$(TEST_HOST)";
				INFOPLIST_FILE = "SmartHome-iOSTests/Info.plist";
				LD_RUNPATH_SEARCH_PATHS = "$(inherited) @executable_path/Frameworks @loader_path/Frameworks";
				PRODUCT_BUNDLE_IDENTIFIER = "com.sanweidu.TDDPayBLE.SmartHome-iOSTests";
				PRODUCT_NAME = "$(TARGET_NAME)";
				TEST_HOST = "$(BUILT_PRODUCTS_DIR)/SmartHome-iOS.app/SmartHome-iOS";
			};
			name = Release;
		};
		2057FA751C8923C900CC65FD /* Debug */ = {
			isa = XCBuildConfiguration;
			buildSettings = {
				GCC_PRECOMPILE_PREFIX_HEADER = NO;
				GCC_PREFIX_HEADER = "";
				INFOPLIST_FILE = "SmartHome-iOSUITests/Info.plist";
				LD_RUNPATH_SEARCH_PATHS = "$(inherited) @executable_path/Frameworks @loader_path/Frameworks";
				PRODUCT_BUNDLE_IDENTIFIER = "com.sanweidu.TDDPayBLE.SmartHome-iOSUITests";
				PRODUCT_NAME = "$(TARGET_NAME)";
				TEST_TARGET_NAME = "SmartHome-iOS";
				USES_XCTRUNNER = YES;
			};
			name = Debug;
		};
		2057FA761C8923C900CC65FD /* Release */ = {
			isa = XCBuildConfiguration;
			buildSettings = {
				GCC_PRECOMPILE_PREFIX_HEADER = NO;
				GCC_PREFIX_HEADER = "";
				INFOPLIST_FILE = "SmartHome-iOSUITests/Info.plist";
				LD_RUNPATH_SEARCH_PATHS = "$(inherited) @executable_path/Frameworks @loader_path/Frameworks";
				PRODUCT_BUNDLE_IDENTIFIER = "com.sanweidu.TDDPayBLE.SmartHome-iOSUITests";
				PRODUCT_NAME = "$(TARGET_NAME)";
				TEST_TARGET_NAME = "SmartHome-iOS";
				USES_XCTRUNNER = YES;
			};
			name = Release;
		};
/* End XCBuildConfiguration section */

/* Begin XCConfigurationList section */
		2057FA3C1C8923C900CC65FD /* Build configuration list for PBXProject "SmartHome-iOS" */ = {
			isa = XCConfigurationList;
			buildConfigurations = (
				2057FA6C1C8923C900CC65FD /* Debug */,
				2057FA6D1C8923C900CC65FD /* Release */,
			);
			defaultConfigurationIsVisible = 0;
			defaultConfigurationName = Release;
		};
		2057FA6E1C8923C900CC65FD /* Build configuration list for PBXNativeTarget "SmartHome-iOS" */ = {
			isa = XCConfigurationList;
			buildConfigurations = (
				2057FA6F1C8923C900CC65FD /* Debug */,
				2057FA701C8923C900CC65FD /* Release */,
			);
			defaultConfigurationIsVisible = 0;
			defaultConfigurationName = Release;
		};
		2057FA711C8923C900CC65FD /* Build configuration list for PBXNativeTarget "SmartHome-iOSTests" */ = {
			isa = XCConfigurationList;
			buildConfigurations = (
				2057FA721C8923C900CC65FD /* Debug */,
				2057FA731C8923C900CC65FD /* Release */,
			);
			defaultConfigurationIsVisible = 0;
			defaultConfigurationName = Release;
		};
		2057FA741C8923C900CC65FD /* Build configuration list for PBXNativeTarget "SmartHome-iOSUITests" */ = {
			isa = XCConfigurationList;
			buildConfigurations = (
				2057FA751C8923C900CC65FD /* Debug */,
				2057FA761C8923C900CC65FD /* Release */,
			);
			defaultConfigurationIsVisible = 0;
			defaultConfigurationName = Release;
		};
/* End XCConfigurationList section */
	};
	rootObject = 2057FA391C8923C900CC65FD /* Project object */;
}
